
Microsoft Visual Studio Solution File, Format Version 12.00
# Visual Studio Version 17
VisualStudioVersion = 17.9.34616.47
MinimumVisualStudioVersion = 10.0.40219.1
Project("{FAE04EC0-301F-11D3-BF4B-00C04F79EFBC}") = "Prog", "Prog\Prog.csproj", "{86F1D4A4-5BC5-4035-9B5D-37AEDD31BA55}"
EndProject
Global
	GlobalSection(SolutionConfigurationPlatforms) = preSolution
		Debug|Any CPU = Debug|Any CPU
		Release|Any CPU = Release|Any CPU
	EndGlobalSection
	GlobalSection(ProjectConfigurationPlatforms) = postSolution
		{86F1D4A4-5BC5-4035-9B5D-37AEDD31BA55}.Debug|Any CPU.ActiveCfg = Debug|Any CPU
		{86F1D4A4-5BC5-4035-9B5D-37AEDD31BA55}.Debug|Any CPU.Build.0 = Debug|Any CPU
		{86F1D4A4-5BC5-4035-9B5D-37AEDD31BA55}.Release|Any CPU.ActiveCfg = Release|Any CPU
		{86F1D4A4-5BC5-4035-9B5D-37AEDD31BA55}.Release|Any CPU.Build.0 = Release|Any CPU
	EndGlobalSection
	GlobalSection(SolutionProperties) = preSolution
		HideSolutionNode = FALSE
	EndGlobalSection
	GlobalSection(ExtensibilityGlobals) = postSolution
		SolutionGuid = {38EA4926-09B6-4187-BD0D-EC129DCE097C}
	EndGlobalSection
EndGlobal
